
Microsoft Visual Studio Solution File, Format Version 12.00
# Visual Studio Version 16
VisualStudioVersion = 16.0.35931.194
MinimumVisualStudioVersion = 10.0.40219.1
Project("{FAE04EC0-301F-11D3-BF4B-00C04F79EFBC}") = "PryFraccion", "PryFraccion\PryFraccion.csproj", "{BC2758BE-8617-4576-BC6E-D230F0CFFE84}"
EndProject
Global
	GlobalSection(SolutionConfigurationPlatforms) = preSolution
		Debug|Any CPU = Debug|Any CPU
		Release|Any CPU = Release|Any CPU
	EndGlobalSection
	GlobalSection(ProjectConfigurationPlatforms) = postSolution
		{BC2758BE-8617-4576-BC6E-D230F0CFFE84}.Debug|Any CPU.ActiveCfg = Debug|Any CPU
		{BC2758BE-8617-4576-BC6E-D230F0CFFE84}.Debug|Any CPU.Build.0 = Debug|Any CPU
		{BC2758BE-8617-4576-BC6E-D230F0CFFE84}.Release|Any CPU.ActiveCfg = Release|Any CPU
		{BC2758BE-8617-4576-BC6E-D230F0CFFE84}.Release|Any CPU.Build.0 = Release|Any CPU
	EndGlobalSection
	GlobalSection(SolutionProperties) = preSolution
		HideSolutionNode = FALSE
	EndGlobalSection
	GlobalSection(ExtensibilityGlobals) = postSolution
		SolutionGuid = {41371CE5-34E7-496F-9D23-4B6A63ED5D33}
	EndGlobalSection
EndGlobal
